
Microsoft Visual Studio Solution File, Format Version 12.00
# Visual Studio 15
VisualStudioVersion = 15.0.26124.0
MinimumVisualStudioVersion = 15.0.26124.0
Project("{FAE04EC0-301F-11D3-BF4B-00C04F79EFBC}") = "Api", "Api\Api.csproj", "{85113E23-9E01-41F2-916E-840E266ADC53}"
EndProject
Project("{FAE04EC0-301F-11D3-BF4B-00C04F79EFBC}") = "Application", "Application\Application.csproj", "{98E78157-D51E-466B-9F2B-3DA2001AA760}"
EndProject
Project("{FAE04EC0-301F-11D3-BF4B-00C04F79EFBC}") = "Domain", "Domain\Domain.csproj", "{4E8296FD-D383-411A-99A8-D4DF964A1D0B}"
EndProject
Project("{FAE04EC0-301F-11D3-BF4B-00C04F79EFBC}") = "Persistence", "Persistence\Persistence.csproj", "{45FFD066-FFB0-430A-A7A5-6E12D8F6E65C}"
EndProject
Global
	GlobalSection(SolutionConfigurationPlatforms) = preSolution
		Debug|Any CPU = Debug|Any CPU
		Debug|x64 = Debug|x64
		Debug|x86 = Debug|x86
		Release|Any CPU = Release|Any CPU
		Release|x64 = Release|x64
		Release|x86 = Release|x86
	EndGlobalSection
	GlobalSection(SolutionProperties) = preSolution
		HideSolutionNode = FALSE
	EndGlobalSection
	GlobalSection(ProjectConfigurationPlatforms) = postSolution
		{85113E23-9E01-41F2-916E-840E266ADC53}.Debug|Any CPU.ActiveCfg = Debug|Any CPU
		{85113E23-9E01-41F2-916E-840E266ADC53}.Debug|Any CPU.Build.0 = Debug|Any CPU
		{85113E23-9E01-41F2-916E-840E266ADC53}.Debug|x64.ActiveCfg = Debug|Any CPU
		{85113E23-9E01-41F2-916E-840E266ADC53}.Debug|x64.Build.0 = Debug|Any CPU
		{85113E23-9E01-41F2-916E-840E266ADC53}.Debug|x86.ActiveCfg = Debug|Any CPU
		{85113E23-9E01-41F2-916E-840E266ADC53}.Debug|x86.Build.0 = Debug|Any CPU
		{85113E23-9E01-41F2-916E-840E266ADC53}.Release|Any CPU.ActiveCfg = Release|Any CPU
		{85113E23-9E01-41F2-916E-840E266ADC53}.Release|Any CPU.Build.0 = Release|Any CPU
		{85113E23-9E01-41F2-916E-840E266ADC53}.Release|x64.ActiveCfg = Release|Any CPU
		{85113E23-9E01-41F2-916E-840E266ADC53}.Release|x64.Build.0 = Release|Any CPU
		{85113E23-9E01-41F2-916E-840E266ADC53}.Release|x86.ActiveCfg = Release|Any CPU
		{85113E23-9E01-41F2-916E-840E266ADC53}.Release|x86.Build.0 = Release|Any CPU
		{98E78157-D51E-466B-9F2B-3DA2001AA760}.Debug|Any CPU.ActiveCfg = Debug|Any CPU
		{98E78157-D51E-466B-9F2B-3DA2001AA760}.Debug|Any CPU.Build.0 = Debug|Any CPU
		{98E78157-D51E-466B-9F2B-3DA2001AA760}.Debug|x64.ActiveCfg = Debug|Any CPU
		{98E78157-D51E-466B-9F2B-3DA2001AA760}.Debug|x64.Build.0 = Debug|Any CPU
		{98E78157-D51E-466B-9F2B-3DA2001AA760}.Debug|x86.ActiveCfg = Debug|Any CPU
		{98E78157-D51E-466B-9F2B-3DA2001AA760}.Debug|x86.Build.0 = Debug|Any CPU
		{98E78157-D51E-466B-9F2B-3DA2001AA760}.Release|Any CPU.ActiveCfg = Release|Any CPU
		{98E78157-D51E-466B-9F2B-3DA2001AA760}.Release|Any CPU.Build.0 = Release|Any CPU
		{98E78157-D51E-466B-9F2B-3DA2001AA760}.Release|x64.ActiveCfg = Release|Any CPU
		{98E78157-D51E-466B-9F2B-3DA2001AA760}.Release|x64.Build.0 = Release|Any CPU
		{98E78157-D51E-466B-9F2B-3DA2001AA760}.Release|x86.ActiveCfg = Release|Any CPU
		{98E78157-D51E-466B-9F2B-3DA2001AA760}.Release|x86.Build.0 = Release|Any CPU
		{4E8296FD-D383-411A-99A8-D4DF964A1D0B}.Debug|Any CPU.ActiveCfg = Debug|Any CPU
		{4E8296FD-D383-411A-99A8-D4DF964A1D0B}.Debug|Any CPU.Build.0 = Debug|Any CPU
		{4E8296FD-D383-411A-99A8-D4DF964A1D0B}.Debug|x64.ActiveCfg = Debug|Any CPU
		{4E8296FD-D383-411A-99A8-D4DF964A1D0B}.Debug|x64.Build.0 = Debug|Any CPU
		{4E8296FD-D383-411A-99A8-D4DF964A1D0B}.Debug|x86.ActiveCfg = Debug|Any CPU
		{4E8296FD-D383-411A-99A8-D4DF964A1D0B}.Debug|x86.Build.0 = Debug|Any CPU
		{4E8296FD-D383-411A-99A8-D4DF964A1D0B}.Release|Any CPU.ActiveCfg = Release|Any CPU
		{4E8296FD-D383-411A-99A8-D4DF964A1D0B}.Release|Any CPU.Build.0 = Release|Any CPU
		{4E8296FD-D383-411A-99A8-D4DF964A1D0B}.Release|x64.ActiveCfg = Release|Any CPU
		{4E8296FD-D383-411A-99A8-D4DF964A1D0B}.Release|x64.Build.0 = Release|Any CPU
		{4E8296FD-D383-411A-99A8-D4DF964A1D0B}.Release|x86.ActiveCfg = Release|Any CPU
		{4E8296FD-D383-411A-99A8-D4DF964A1D0B}.Release|x86.Build.0 = Release|Any CPU
		{45FFD066-FFB0-430A-A7A5-6E12D8F6E65C}.Debug|Any CPU.ActiveCfg = Debug|Any CPU
		{45FFD066-FFB0-430A-A7A5-6E12D8F6E65C}.Debug|Any CPU.Build.0 = Debug|Any CPU
		{45FFD066-FFB0-430A-A7A5-6E12D8F6E65C}.Debug|x64.ActiveCfg = Debug|Any CPU
		{45FFD066-FFB0-430A-A7A5-6E12D8F6E65C}.Debug|x64.Build.0 = Debug|Any CPU
		{45FFD066-FFB0-430A-A7A5-6E12D8F6E65C}.Debug|x86.ActiveCfg = Debug|Any CPU
		{45FFD066-FFB0-430A-A7A5-6E12D8F6E65C}.Debug|x86.Build.0 = Debug|Any CPU
		{45FFD066-FFB0-430A-A7A5-6E12D8F6E65C}.Release|Any CPU.ActiveCfg = Release|Any CPU
		{45FFD066-FFB0-430A-A7A5-6E12D8F6E65C}.Release|Any CPU.Build.0 = Release|Any CPU
		{45FFD066-FFB0-430A-A7A5-6E12D8F6E65C}.Release|x64.ActiveCfg = Release|Any CPU
		{45FFD066-FFB0-430A-A7A5-6E12D8F6E65C}.Release|x64.Build.0 = Release|Any CPU
		{45FFD066-FFB0-430A-A7A5-6E12D8F6E65C}.Release|x86.ActiveCfg = Release|Any CPU
		{45FFD066-FFB0-430A-A7A5-6E12D8F6E65C}.Release|x86.Build.0 = Release|Any CPU
	EndGlobalSection
EndGlobal
